{
    "_meta": {
        "hash": {
            "sha256": "d5f21e789da4e5da6e77e95319e2f97328c90aaba7175219830e281c4189f798"
        },
        "pipfile-spec": 6,
        "requires": {
            "python_full_version": "3.9.13",
            "python_version": "3.9"
        },
        "sources": [
            {
                "name": "pypi",
                "url": "https://pypi.org/simple",
                "verify_ssl": true
            }
        ]
    },
    "default": {
        "pyodbc": {
            "hashes": [
                "sha256:03d7d0b04d5a9156099ce8d03e92f3956783746fa9234eb6f5b5cfc12b645011",
                "sha256:067015537a20cf893ae675384f99291eade66a7d59bc54f9dedee55ad4290b4c",
                "sha256:17d25a51823a5c8631fd117c1d352425404cd2116fd75b55aac4cb79da2e8c85",
                "sha256:1d7dbef96ebb3eba8bc3f5431694d6e6969d50d0e21f6c4f3b0b2dc9fe8c4f25",
                "sha256:393e51ca84ba5a3983f859d50ef029d243cb2c7a5b1ef0ddc36479ff49780078",
                "sha256:3a3204ba4d1374fe8c301a76e04c9e9207d71cc346ca8282a85c20260d135b5d",
                "sha256:459a245ae5409dd2fe6eb8531b907da8d61f72d3b18a6276c82cafe2e4896acf",
                "sha256:4e5e4e2b4d5dce80f18d58286f1e7a3e2a79eb49d2c514c56ab043ae00566303",
                "sha256:51162fa1902657a555f5b661eb36516c12b6c11ec84db77c9da3aabc7325fa95",
                "sha256:654843036b714e4f3f4605fc359690738a3465d333f8297a74841e3990d3eabd",
                "sha256:8744c48f494bd365529935d3ac6ec15d3e3995e877587e293a3d3110ffcc0374",
                "sha256:87df79b524928d8c65475099b1cce3cfea66ef2c332ecb027fa6455c4916ad26",
                "sha256:88d94c4fa53fc5440ce904c987e97316f271c21d3e968090f8fb76baf1a9be90",
                "sha256:9824b175db875a2dd116c7cf16dc3bdf14855404417afd145c5b839da222cb46",
                "sha256:9ae1d8ba8cbf3680556f147f89948493d3f5bd1ed360bd5ce9807e62e573ed03",
                "sha256:9aef4f14f126ef607897245ff2742532ce0c299aee3c0e48d37bbdf1ff0b9532",
                "sha256:b1b38d3adc4c9911b46cff3b1a8293e25c3a18c465d13483624a07bc1056c36a",
                "sha256:b22474ede5b2841fe67658431f02a3ab9f16601c12a18c0286af435d742c2b71",
                "sha256:b3ea6ed0fb8a1b46e643cfaba935656b9abe023d4ab66a8f653bf0c5bc1ce74d",
                "sha256:b4d41d0a10523862aac9e2f578bae0ec66003c76e0644d1b53d6ac110b73e5ed",
                "sha256:b704e481c5973155eebed3730b9769c349b0338ad6fa7b0d7191cc30f3303e0a",
                "sha256:c68b3dd0b86d45fdebc566a9596f27b216d25068728bb43a4c961f0fcb9bb970",
                "sha256:cbfca542a528278a2c43a85d7a6bfde74854d0e7b3cd8c4ab31647bfe5a11069",
                "sha256:ccc04742bb2fee1f5d2a5b84462f62cd68c346aa274b89b5257e328d41f9d69d",
                "sha256:ce553cdf33663c6496175a11f32b684bb38cdffb9b185f3967037d369161715c",
                "sha256:d109b7955864f11d5e0c813e6b886a2829422cd7b59c61870dc5e0fa7904f132",
                "sha256:d2f32d98f9522de54958e3478d03c1a85c1efc103f378913bc4d9a7b610a3d02",
                "sha256:dbf783d6cc923603de35a648db64c50f6699372188dc32b97a373c4b12694bd1",
                "sha256:dd4a9ec6d0b31118f3c46020d9784923b99873585919d08e67d95bbf6ab99716",
                "sha256:e3cf639c73fb948fa2744e52de316b033b95f852960aae58b63c7dc32a88b4d2",
                "sha256:e7ef83973ba56f01e95579ce74c24b72bbd918daf417f33726e21cc01a5bf53c"
            ],
            "index": "pypi",
            "markers": "python_version >= '3.8'",
            "version": "==5.0.1"
        },
        "python-decouple": {
            "hashes": [
                "sha256:ba6e2657d4f376ecc46f77a3a615e058d93ba5e465c01bbe57289bfb7cce680f",
                "sha256:d0d45340815b25f4de59c974b855bb38d03151d81b037d9e3f463b0c9f8cbd66"
            ],
            "index": "pypi",
            "version": "==3.8"
        },
        "xlsxwriter": {
            "hashes": [
                "sha256:b61c1a0c786f82644936c0936ec96ee96cd3afb9440094232f7faef9b38689f0",
                "sha256:de810bf328c6a4550f4ffd6b0b34972aeb7ffcf40f3d285a0413734f9b63a929"
            ],
            "index": "pypi",
            "markers": "python_version >= '3.6'",
            "version": "==3.1.9"
        }
    },
    "develop": {
        "black": {
            "hashes": [
                "sha256:037e9b4664cafda5f025a1728c50a9e9aedb99a759c89f760bd83730e76ba884",
                "sha256:1b917a2aa020ca600483a7b340c165970b26e9029067f019e3755b56e8dd5916",
                "sha256:1f8ce316753428ff68749c65a5f7844631aa18c8679dfd3ca9dc1a289979c258",
                "sha256:33d40f5b06be80c1bbce17b173cda17994fbad096ce60eb22054da021bf933d1",
                "sha256:3f157a8945a7b2d424da3335f7ace89c14a3b0625e6593d21139c2d8214d55ce",
                "sha256:5ed45ac9a613fb52dad3b61c8dea2ec9510bf3108d4db88422bacc7d1ba1243d",
                "sha256:6d23d7822140e3fef190734216cefb262521789367fbdc0b3f22af6744058982",
                "sha256:7670242e90dc129c539e9ca17665e39a146a761e681805c54fbd86015c7c84f7",
                "sha256:7b4d10b0f016616a0d93d24a448100adf1699712fb7a4efd0e2c32bbb219b173",
                "sha256:7cb5936e686e782fddb1c73f8aa6f459e1ad38a6a7b0e54b403f1f05a1507ee9",
                "sha256:7d56124b7a61d092cb52cce34182a5280e160e6aff3137172a68c2c2c4b76bcb",
                "sha256:840015166dbdfbc47992871325799fd2dc0dcf9395e401ada6d88fe11498abad",
                "sha256:9c74de4c77b849e6359c6f01987e94873c707098322b91490d24296f66d067dc",
                "sha256:b15b75fc53a2fbcac8a87d3e20f69874d161beef13954747e053bca7a1ce53a0",
                "sha256:cfcce6f0a384d0da692119f2d72d79ed07c7159879d0bb1bb32d2e443382bf3a",
                "sha256:d431e6739f727bb2e0495df64a6c7a5310758e87505f5f8cde9ff6c0f2d7e4fe",
                "sha256:e293e4c2f4a992b980032bbd62df07c1bcff82d6964d6c9496f2cd726e246ace",
                "sha256:ec3f8e6234c4e46ff9e16d9ae96f4ef69fa328bb4ad08198c8cee45bb1f08c69"
            ],
            "index": "pypi",
            "markers": "python_version >= '3.8'",
            "version": "==23.10.1"
        },
        "click": {
            "hashes": [
                "sha256:ae74fb96c20a0277a1d615f1e4d73c8414f5a98db8b799a7931d1582f3390c28",
                "sha256:ca9853ad459e787e2192211578cc907e7594e294c7ccc834310722b41b9ca6de"
            ],
            "markers": "python_version >= '3.7'",
            "version": "==8.1.7"
        },
        "colorama": {
            "hashes": [
                "sha256:08695f5cb7ed6e0531a20572697297273c47b8cae5a63ffc6d6ed5c201be6e44",
                "sha256:4f1d9991f5acc0ca119f9d443620b77f9d6b33703e51011c16baf57afb285fc6"
            ],
            "markers": "platform_system == 'Windows'",
            "version": "==0.4.6"
        },
        "mypy-extensions": {
            "hashes": [
                "sha256:4392f6c0eb8a5668a69e23d168ffa70f0be9ccfd32b5cc2d26a34ae5b844552d",
                "sha256:75dbf8955dc00442a438fc4d0666508a9a97b6bd41aa2f0ffe9d2f2725af0782"
            ],
            "markers": "python_version >= '3.5'",
            "version": "==1.0.0"
        },
        "packaging": {
            "hashes": [
                "sha256:048fb0e9405036518eaaf48a55953c750c11e1a1b68e0dd1a9d62ed0c092cfc5",
                "sha256:8c491190033a9af7e1d931d0b5dacc2ef47509b34dd0de67ed209b5203fc88c7"
            ],
            "markers": "python_version >= '3.7'",
            "version": "==23.2"
        },
        "pathspec": {
            "hashes": [
                "sha256:1d6ed233af05e679efb96b1851550ea95bbb64b7c490b0f5aa52996c11e92a20",
                "sha256:e0d8d0ac2f12da61956eb2306b69f9469b42f4deb0f3cb6ed47b9cce9996ced3"
            ],
            "markers": "python_version >= '3.7'",
            "version": "==0.11.2"
        },
        "platformdirs": {
            "hashes": [
                "sha256:cf8ee52a3afdb965072dcc652433e0c7e3e40cf5ea1477cd4b3b1d2eb75495b3",
                "sha256:e9d171d00af68be50e9202731309c4e658fd8bc76f55c11c7dd760d023bda68e"
            ],
            "markers": "python_version >= '3.7'",
            "version": "==3.11.0"
        },
        "tomli": {
            "hashes": [
                "sha256:939de3e7a6161af0c887ef91b7d41a53e7c5a1ca976325f429cb46ea9bc30ecc",
                "sha256:de526c12914f0c550d15924c62d72abc48d6fe7364aa87328337a31007fe8a4f"
            ],
            "markers": "python_version < '3.11'",
            "version": "==2.0.1"
        },
        "typing-extensions": {
            "hashes": [
                "sha256:8f92fc8806f9a6b641eaa5318da32b44d401efaac0f6678c9bc448ba3605faa0",
                "sha256:df8e4339e9cb77357558cbdbceca33c303714cf861d1eef15e1070055ae8b7ef"
            ],
            "markers": "python_version < '3.11'",
            "version": "==4.8.0"
        }
    }
}
